
Microsoft Visual Studio Solution File, Format Version 12.00
# Visual Studio Version 17
VisualStudioVersion = 17.14.36429.23 d17.14
MinimumVisualStudioVersion = 10.0.40219.1
Project("{FAE04EC0-301F-11D3-BF4B-00C04F79EFBC}") = "bài kiểm tra", "bài kiểm tra\bài kiểm tra.csproj", "{1F5DA475-6D27-4D55-9299-A3333B74630F}"
EndProject
Global
	GlobalSection(SolutionConfigurationPlatforms) = preSolution
		Debug|Any CPU = Debug|Any CPU
		Release|Any CPU = Release|Any CPU
	EndGlobalSection
	GlobalSection(ProjectConfigurationPlatforms) = postSolution
		{1F5DA475-6D27-4D55-9299-A3333B74630F}.Debug|Any CPU.ActiveCfg = Debug|Any CPU
		{1F5DA475-6D27-4D55-9299-A3333B74630F}.Debug|Any CPU.Build.0 = Debug|Any CPU
		{1F5DA475-6D27-4D55-9299-A3333B74630F}.Release|Any CPU.ActiveCfg = Release|Any CPU
		{1F5DA475-6D27-4D55-9299-A3333B74630F}.Release|Any CPU.Build.0 = Release|Any CPU
	EndGlobalSection
	GlobalSection(SolutionProperties) = preSolution
		HideSolutionNode = FALSE
	EndGlobalSection
	GlobalSection(ExtensibilityGlobals) = postSolution
		SolutionGuid = {B35CECA5-C71A-4DF8-9204-8A3E2173DC41}
	EndGlobalSection
EndGlobal
